
Microsoft Visual Studio Solution File, Format Version 12.00
Project("{FAE04EC0-301F-11D3-BF4B-00C04F79EFBC}") = "task6", "task6\task6.csproj", "{85A1FE33-C49B-42EA-8B7E-9BA3E12BC91D}"
EndProject
Global
	GlobalSection(SolutionConfigurationPlatforms) = preSolution
		Debug|Any CPU = Debug|Any CPU
		Release|Any CPU = Release|Any CPU
	EndGlobalSection
	GlobalSection(ProjectConfigurationPlatforms) = postSolution
		{85A1FE33-C49B-42EA-8B7E-9BA3E12BC91D}.Debug|Any CPU.ActiveCfg = Debug|Any CPU
		{85A1FE33-C49B-42EA-8B7E-9BA3E12BC91D}.Debug|Any CPU.Build.0 = Debug|Any CPU
		{85A1FE33-C49B-42EA-8B7E-9BA3E12BC91D}.Release|Any CPU.ActiveCfg = Release|Any CPU
		{85A1FE33-C49B-42EA-8B7E-9BA3E12BC91D}.Release|Any CPU.Build.0 = Release|Any CPU
	EndGlobalSection
EndGlobal
